version = 1
revision = 3
requires-python = ">=3.13"

[[package]]
name = "certifi"
version = "2026.1.4"
source = { registry = "https://pypi.org/simple" }
sdist = { url = "https://files.pythonhosted.org/packages/e0/2d/a891ca51311197f6ad14a7ef42e2399f36cf2f9bd44752b3dc4eab60fdc5/certifi-2026.1.4.tar.gz", hash = "sha256:ac726dd470482006e014ad384921ed6438c457018f4b3d204aea4281258b2120", size = 154268, upload-time = "2026-01-04T02:42:41.825Z" }
wheels = [
    { url = "https://files.pythonhosted.org/packages/e6/ad/3cc14f097111b4de0040c83a525973216457bbeeb63739ef1ed275c1c021/certifi-2026.1.4-py3-none-any.whl", hash = "sha256:9943707519e4add1115f44c2bc244f782c0249876bf51b6599fee1ffbedd685c", size = 152900, upload-time = "2026-01-04T02:42:40.15Z" },
]

[[package]]
name = "charset-normalizer"
version = "3.4.4"
source = { registry = "https://pypi.org/simple" }
sdist = { url = "https://files.pythonhosted.org/packages/13/69/33ddede1939fdd074bce5434295f38fae7136463422fe4fd3e0e89b98062/charset_normalizer-3.4.4.tar.gz", hash = "sha256:94537985111c35f28720e43603b8e7b43a6ecfb2ce1d3058bbe955b73404e21a", size = 129418, upload-time = "2025-10-14T04:42:32.879Z" }
wheels = [
    { url = "https://files.pythonhosted.org/packages/97/45/4b3a1239bbacd321068ea6e7ac28875b03ab8bc0aa0966452db17cd36714/charset_normalizer-3.4.4-cp313-cp313-macosx_10_13_universal2.whl", hash = "sha256:e1f185f86a6f3403aa2420e815904c67b2f9ebc443f045edd0de921108345794", size = 208091, upload-time = "2025-10-14T04:41:13.346Z" },
    { url = "https://files.pythonhosted.org/packages/7d/62/73a6d7450829655a35bb88a88fca7d736f9882a27eacdca2c6d505b57e2e/charset_normalizer-3.4.4-cp313-cp313-manylinux2014_aarch64.manylinux_2_17_aarch64.manylinux_2_28_aarch64.whl", hash = "sha256:6b39f987ae8ccdf0d2642338faf2abb1862340facc796048b604ef14919e55ed", size = 147936, upload-time = "2025-10-14T04:41:14.461Z" },
    { url = "https://files.pythonhosted.org/packages/89/c5/adb8c8b3d6625bef6d88b251bbb0d95f8205831b987631ab0c8bb5d937c2/charset_normalizer-3.4.4-cp313-cp313-manylinux2014_armv7l.manylinux_2_17_armv7l.manylinux_2_31_armv7l.whl", hash = "sha256:3162d5d8ce1bb98dd51af660f2121c55d0fa541b46dff7bb9b9f86ea1d87de72", size = 144180, upload-time = "2025-10-14T04:41:15.588Z" },
    { url = "https://files.pythonhosted.org/packages/91/ed/9706e4070682d1cc219050b6048bfd293ccf67b3d4f5a4f39207453d4b99/charset_normalizer-3.4.4-cp313-cp313-manylinux2014_ppc64le.manylinux_2_17_ppc64le.manylinux_2_28_ppc64le.whl", hash = "sha256:81d5eb2a312700f4ecaa977a8235b634ce853200e828fbadf3a9c50bab278328", size = 161346, upload-time = "2025-10-14T04:41:16.738Z" },
    { url = "https://files.pythonhosted.org/packages/d5/0d/031f0d95e4972901a2f6f09ef055751805ff541511dc1252ba3ca1f80cf5/charset_normalizer-3.4.4-cp313-cp313-manylinux2014_s390x.manylinux_2_17_s390x.manylinux_2_28_s390x.whl", hash = "sha256:5bd2293095d766545ec1a8f612559f6b40abc0eb18bb2f5d1171872d34036ede", size = 158874, upload-time = "2025-10-14T04:41:17.923Z" },
    { url = "https://files.pythonhosted.org/packages/f5/83/6ab5883f57c9c801ce5e5677242328aa45592be8a00644310a008d04f922/charset_normalizer-3.4.4-cp313-cp313-manylinux2014_x86_64.manylinux_2_17_x86_64.manylinux_2_28_x86_64.whl", hash = "sha256:a8a8b89589086a25749f471e6a900d3f662d1d3b6e2e59dcecf787b1cc3a1894", size = 153076, upload-time = "2025-10-14T04:41:19.106Z" },
    { url = "https://files.pythonhosted.org/packages/75/1e/5ff781ddf5260e387d6419959ee89ef13878229732732ee73cdae01800f2/charset_normalizer-3.4.4-cp313-cp313-manylinux_2_31_riscv64.manylinux_2_39_riscv64.whl", hash = "sha256:bc7637e2f80d8530ee4a78e878bce464f70087ce73cf7c1caf142416923b98f1", size = 150601, upload-time = "2025-10-14T04:41:20.245Z" },
    { url = "https://files.pythonhosted.org/packages/d7/57/71be810965493d3510a6ca79b90c19e48696fb1ff964da319334b12677f0/charset_normalizer-3.4.4-cp313-cp313-musllinux_1_2_aarch64.whl", hash = "sha256:f8bf04158c6b607d747e93949aa60618b61312fe647a6369f88ce2ff16043490", size = 150376, upload-time = "2025-10-14T04:41:21.398Z" },
    { url = "https://files.pythonhosted.org/packages/e5/d5/c3d057a78c181d007014feb7e9f2e65905a6c4ef182c0ddf0de2924edd65/charset_normalizer-3.4.4-cp313-cp313-musllinux_1_2_armv7l.whl", hash = "sha256:554af85e960429cf30784dd47447d5125aaa3b99a6f0683589dbd27e2f45da44", size = 144825, upload-time = "2025-10-14T04:41:22.583Z" },
    { url = "https://files.pythonhosted.org/packages/e6/8c/d0406294828d4976f275ffbe66f00266c4b3136b7506941d87c00cab5272/charset_normalizer-3.4.4-cp313-cp313-musllinux_1_2_ppc64le.whl", hash = "sha256:74018750915ee7ad843a774364e13a3db91682f26142baddf775342c3f5b1133", size = 162583, upload-time = "2025-10-14T04:41:23.754Z" },
    { url = "https://files.pythonhosted.org/packages/d7/24/e2aa1f18c8f15c4c0e932d9287b8609dd30ad56dbe41d926bd846e22fb8d/charset_normalizer-3.4.4-cp313-cp313-musllinux_1_2_riscv64.whl", hash = "sha256:c0463276121fdee9c49b98908b3a89c39be45d86d1dbaa22957e38f6321d4ce3", size = 150366, upload-time = "2025-10-14T04:41:25.27Z" },
    { url = "https://files.pythonhosted.org/packages/e4/5b/1e6160c7739aad1e2df054300cc618b06bf784a7a164b0f238360721ab86/charset_normalizer-3.4.4-cp313-cp313-musllinux_1_2_s390x.whl", hash = "sha256:362d61fd13843997c1c446760ef36f240cf81d3ebf74ac62652aebaf7838561e", size = 160300, upload-time = "2025-10-14T04:41:26.725Z" },
    { url = "https://files.pythonhosted.org/packages/7a/10/f882167cd207fbdd743e55534d5d9620e095089d176d55cb22d5322f2afd/charset_normalizer-3.4.4-cp313-cp313-musllinux_1_2_x86_64.whl", hash = "sha256:9a26f18905b8dd5d685d6d07b0cdf98a79f3c7a918906af7cc143ea2e164c8bc", size = 154465, upload-time = "2025-10-14T04:41:28.322Z" },
    { url = "https://files.pythonhosted.org/packages/89/66/c7a9e1b7429be72123441bfdbaf2bc13faab3f90b933f664db506dea5915/charset_normalizer-3.4.4-cp313-cp313-win32.whl", hash = "sha256:9b35f4c90079ff2e2edc5b26c0c77925e5d2d255c42c74fdb70fb49b172726ac", size = 99404, upload-time = "2025-10-14T04:41:29.95Z" },
    { url = "https://files.pythonhosted.org/packages/c4/26/b9924fa27db384bdcd97ab83b4f0a8058d96ad9626ead570674d5e737d90/charset_normalizer-3.4.4-cp313-cp313-win_amd64.whl", hash = "sha256:b435cba5f4f750aa6c0a0d92c541fb79f69a387c91e61f1795227e4ed9cece14", size = 107092, upload-time = "2025-10-14T04:41:31.188Z" },
    { url = "https://files.pythonhosted.org/packages/af/8f/3ed4bfa0c0c72a7ca17f0380cd9e4dd842b09f664e780c13cff1dcf2ef1b/charset_normalizer-3.4.4-cp313-cp313-win_arm64.whl", hash = "sha256:542d2cee80be6f80247095cc36c418f7bddd14f4a6de45af91dfad36d817bba2", size = 100408, upload-time = "2025-10-14T04:41:32.624Z" },
    { url = "https://files.pythonhosted.org/packages/2a/35/7051599bd493e62411d6ede36fd5af83a38f37c4767b92884df7301db25d/charset_normalizer-3.4.4-cp314-cp314-macosx_10_13_universal2.whl", hash = "sha256:da3326d9e65ef63a817ecbcc0df6e94463713b754fe293eaa03da99befb9a5bd", size = 207746, upload-time = "2025-10-14T04:41:33.773Z" },
    { url = "https://files.pythonhosted.org/packages/10/9a/97c8d48ef10d6cd4fcead2415523221624bf58bcf68a802721a6bc807c8f/charset_normalizer-3.4.4-cp314-cp314-manylinux2014_aarch64.manylinux_2_17_aarch64.manylinux_2_28_aarch64.whl", hash = "sha256:8af65f14dc14a79b924524b1e7fffe304517b2bff5a58bf64f30b98bbc5079eb", size = 147889, upload-time = "2025-10-14T04:41:34.897Z" },
    { url = "https://files.pythonhosted.org/packages/10/bf/979224a919a1b606c82bd2c5fa49b5c6d5727aa47b4312bb27b1734f53cd/charset_normalizer-3.4.4-cp314-cp314-manylinux2014_armv7l.manylinux_2_17_armv7l.manylinux_2_31_armv7l.whl", hash = "sha256:74664978bb272435107de04e36db5a9735e78232b85b77d45cfb38f758efd33e", size = 143641, upload-time = "2025-10-14T04:41:36.116Z" },
    { url = "https://files.pythonhosted.org/packages/ba/33/0ad65587441fc730dc7bd90e9716b30b4702dc7b617e6ba4997dc8651495/charset_normalizer-3.4.4-cp314-cp314-manylinux2014_ppc64le.manylinux_2_17_ppc64le.manylinux_2_28_ppc64le.whl", hash = "sha256:752944c7ffbfdd10c074dc58ec2d5a8a4cd9493b314d367c14d24c17684ddd14", size = 160779, upload-time = "2025-10-14T04:41:37.229Z" },
    { url = "https://files.pythonhosted.org/packages/67/ed/331d6b249259ee71ddea93f6f2f0a56cfebd46938bde6fcc6f7b9a3d0e09/charset_normalizer-3.4.4-cp314-cp314-manylinux2014_s390x.manylinux_2_17_s390x.manylinux_2_28_s390x.whl", hash = "sha256:d1f13550535ad8cff21b8d757a3257963e951d96e20ec82ab44bc64aeb62a191", size = 159035, upload-time = "2025-10-14T04:41:38.368Z" },
    { url = "https://files.pythonhosted.org/packages/67/ff/f6b948ca32e4f2a4576aa129d8bed61f2e0543bf9f5f2b7fc3758ed005c9/charset_normalizer-3.4.4-cp314-cp314-manylinux2014_x86_64.manylinux_2_17_x86_64.manylinux_2_28_x86_64.whl", hash = "sha256:ecaae4149d99b1c9e7b88bb03e3221956f68fd6d50be2ef061b2381b61d20838", size = 152542, upload-time = "2025-10-14T04:41:39.862Z" },
    { url = "https://files.pythonhosted.org/packages/16/85/276033dcbcc369eb176594de22728541a925b2632f9716428c851b149e83/charset_normalizer-3.4.4-cp314-cp314-manylinux_2_31_riscv64.manylinux_2_39_riscv64.whl", hash = "sha256:cb6254dc36b47a990e59e1068afacdcd02958bdcce30bb50cc1700a8b9d624a6", size = 149524, upload-time = "2025-10-14T04:41:41.319Z" },
    { url = "https://files.pythonhosted.org/packages/9e/f2/6a2a1f722b6aba37050e626530a46a68f74e63683947a8acff92569f979a/charset_normalizer-3.4.4-cp314-cp314-musllinux_1_2_aarch64.whl", hash = "sha256:c8ae8a0f02f57a6e61203a31428fa1d677cbe50c93622b4149d5c0f319c1d19e", size = 150395, upload-time = "2025-10-14T04:41:42.539Z" },
    { url = "https://files.pythonhosted.org/packages/60/bb/2186cb2f2bbaea6338cad15ce23a67f9b0672929744381e28b0592676824/charset_normalizer-3.4.4-cp314-cp314-musllinux_1_2_armv7l.whl", hash = "sha256:47cc91b2f4dd2833fddaedd2893006b0106129d4b94fdb6af1f4ce5a9965577c", size = 143680, upload-time = "2025-10-14T04:41:43.661Z" },
    { url = "https://files.pythonhosted.org/packages/7d/a5/bf6f13b772fbb2a90360eb620d52ed8f796f3c5caee8398c3b2eb7b1c60d/charset_normalizer-3.4.4-cp314-cp314-musllinux_1_2_ppc64le.whl", hash = "sha256:82004af6c302b5d3ab2cfc4cc5f29db16123b1a8417f2e25f9066f91d4411090", size = 162045, upload-time = "2025-10-14T04:41:44.821Z" },
    { url = "https://files.pythonhosted.org/packages/df/c5/d1be898bf0dc3ef9030c3825e5d3b83f2c528d207d246cbabe245966808d/charset_normalizer-3.4.4-cp314-cp314-musllinux_1_2_riscv64.whl", hash = "sha256:2b7d8f6c26245217bd2ad053761201e9f9680f8ce52f0fcd8d0755aeae5b2152", size = 149687, upload-time = "2025-10-14T04:41:46.442Z" },
    { url = "https://files.pythonhosted.org/packages/a5/42/90c1f7b9341eef50c8a1cb3f098ac43b0508413f33affd762855f67a410e/charset_normalizer-3.4.4-cp314-cp314-musllinux_1_2_s390x.whl", hash = "sha256:799a7a5e4fb2d5898c60b640fd4981d6a25f1c11790935a44ce38c54e985f828", size = 160014, upload-time = "2025-10-14T04:41:47.631Z" },
    { url = "https://files.pythonhosted.org/packages/76/be/4d3ee471e8145d12795ab655ece37baed0929462a86e72372fd25859047c/charset_normalizer-3.4.4-cp314-cp314-musllinux_1_2_x86_64.whl", hash = "sha256:99ae2cffebb06e6c22bdc25801d7b30f503cc87dbd283479e7b606f70aff57ec", size = 154044, upload-time = "2025-10-14T04:41:48.81Z" },
    { url = "https://files.pythonhosted.org/packages/b0/6f/8f7af07237c34a1defe7defc565a9bc1807762f672c0fde711a4b22bf9c0/charset_normalizer-3.4.4-cp314-cp314-win32.whl", hash = "sha256:f9d332f8c2a2fcbffe1378594431458ddbef721c1769d78e2cbc06280d8155f9", size = 99940, upload-time = "2025-10-14T04:41:49.946Z" },
    { url = "https://files.pythonhosted.org/packages/4b/51/8ade005e5ca5b0d80fb4aff72a3775b325bdc3d27408c8113811a7cbe640/charset_normalizer-3.4.4-cp314-cp314-win_amd64.whl", hash = "sha256:8a6562c3700cce886c5be75ade4a5db4214fda19fede41d9792d100288d8f94c", size = 107104, upload-time = "2025-10-14T04:41:51.051Z" },
    { url = "https://files.pythonhosted.org/packages/da/5f/6b8f83a55bb8278772c5ae54a577f3099025f9ade59d0136ac24a0df4bde/charset_normalizer-3.4.4-cp314-cp314-win_arm64.whl", hash = "sha256:de00632ca48df9daf77a2c65a484531649261ec9f25489917f09e455cb09ddb2", size = 100743, upload-time = "2025-10-14T04:41:52.122Z" },
    { url = "https://files.pythonhosted.org/packages/0a/4c/925909008ed5a988ccbb72dcc897407e5d6d3bd72410d69e051fc0c14647/charset_normalizer-3.4.4-py3-none-any.whl", hash = "sha256:7a32c560861a02ff789ad905a2fe94e3f840803362c84fecf1851cb4cf3dc37f", size = 53402, upload-time = "2025-10-14T04:42:31.76Z" },
]

[[package]]
name = "envoy-homebridge-dummy"
version = "0.1.0"
source = { virtual = "." }
dependencies = [
    { name = "requests" },
]

[package.dev-dependencies]
dev = [
    { name = "ty" },
    { name = "types-requests" },
]

[package.metadata]
requires-dist = [{ name = "requests", specifier = ">=2.32.5" }]

[package.metadata.requires-dev]
dev = [
    { name = "ty", specifier = ">=0.0.8" },
    { name = "types-requests", specifier = "==2.*" },
]

[[package]]
name = "idna"
version = "3.11"
source = { registry = "https://pypi.org/simple" }
sdist = { url = "https://files.pythonhosted.org/packages/6f/6d/0703ccc57f3a7233505399edb88de3cbd678da106337b9fcde432b65ed60/idna-3.11.tar.gz", hash = "sha256:795dafcc9c04ed0c1fb032c2aa73654d8e8c5023a7df64a53f39190ada629902", size = 194582, upload-time = "2025-10-12T14:55:20.501Z" }
wheels = [
    { url = "https://files.pythonhosted.org/packages/0e/61/66938bbb5fc52dbdf84594873d5b51fb1f7c7794e9c0f5bd885f30bc507b/idna-3.11-py3-none-any.whl", hash = "sha256:771a87f49d9defaf64091e6e6fe9c18d4833f140bd19464795bc32d966ca37ea", size = 71008, upload-time = "2025-10-12T14:55:18.883Z" },
]

[[package]]
name = "requests"
version = "2.32.5"
source = { registry = "https://pypi.org/simple" }
dependencies = [
    { name = "certifi" },
    { name = "charset-normalizer" },
    { name = "idna" },
    { name = "urllib3" },
]
sdist = { url = "https://files.pythonhosted.org/packages/c9/74/b3ff8e6c8446842c3f5c837e9c3dfcfe2018ea6ecef224c710c85ef728f4/requests-2.32.5.tar.gz", hash = "sha256:dbba0bac56e100853db0ea71b82b4dfd5fe2bf6d3754a8893c3af500cec7d7cf", size = 134517, upload-time = "2025-08-18T20:46:02.573Z" }
wheels = [
    { url = "https://files.pythonhosted.org/packages/1e/db/4254e3eabe8020b458f1a747140d32277ec7a271daf1d235b70dc0b4e6e3/requests-2.32.5-py3-none-any.whl", hash = "sha256:2462f94637a34fd532264295e186976db0f5d453d1cdd31473c85a6a161affb6", size = 64738, upload-time = "2025-08-18T20:46:00.542Z" },
]

[[package]]
name = "ty"
version = "0.0.19"
source = { registry = "https://pypi.org/simple" }
sdist = { url = "https://files.pythonhosted.org/packages/84/5e/da108b9eeb392e02ff0478a34e9651490b36af295881cb56575b83f0cc3a/ty-0.0.19.tar.gz", hash = "sha256:ee3d9ed4cb586e77f6efe3d0fe5a855673ca438a3d533a27598e1d3502a2948a", size = 5220026, upload-time = "2026-02-26T12:13:15.215Z" }
wheels = [
    { url = "https://files.pythonhosted.org/packages/5a/31/fd8c6067abb275bea11523d21ecf64e1d870b1ce80cac529cf6636df1471/ty-0.0.19-py3-none-linux_armv6l.whl", hash = "sha256:29bed05d34c8a7597567b8e327c53c1aed4a07dcfbe6c81e6d60c7444936ad77", size = 10268470, upload-time = "2026-02-26T12:13:42.881Z" },
    { url = "https://files.pythonhosted.org/packages/15/de/16a11bbf7d98c75849fc41f5d008b89bb5d080a4b10dc8ea851ee2bd371b/ty-0.0.19-py3-none-macosx_10_12_x86_64.whl", hash = "sha256:79140870c688c97ec68e723c28935ddef9d91a76d48c68e665fe7c851e628b8a", size = 10098562, upload-time = "2026-02-26T12:13:31.618Z" },
    { url = "https://files.pythonhosted.org/packages/e7/4f/086d6ff6686eadf903913c45b53ab96694b62bbfee1d8cf3e55a9b5aa4b2/ty-0.0.19-py3-none-macosx_11_0_arm64.whl", hash = "sha256:6e9c1f9cfa6a26f7881d14d75cf963af743f6c4189e6aa3e3b4056a65f22e730", size = 9604073, upload-time = "2026-02-26T12:13:24.645Z" },
    { url = "https://files.pythonhosted.org/packages/95/13/888a6b6c7ed4a880fee91bec997f775153ce86215ee4c56b868516314734/ty-0.0.19-py3-none-manylinux_2_17_aarch64.manylinux2014_aarch64.whl", hash = "sha256:bbca43b050edf1db2e64ae7b79add233c2aea2855b8a876081bbd032edcd0610", size = 10106295, upload-time = "2026-02-26T12:13:40.584Z" },
    { url = "https://files.pythonhosted.org/packages/cb/e8/05a372cae8da482de73b8246fb43236bf11e24ac28c879804568108759db/ty-0.0.19-py3-none-manylinux_2_17_armv7l.manylinux2014_armv7l.whl", hash = "sha256:8acaa88ab1955ca6b15a0ccc274011c4961377fe65c3948e5d2b212f2517b87c", size = 10098234, upload-time = "2026-02-26T12:13:33.725Z" },
    { url = "https://files.pythonhosted.org/packages/c5/f1/5b0958e9e9576e7662192fe689bbb3dc88e631a4e073db3047793a547d58/ty-0.0.19-py3-none-manylinux_2_17_i686.manylinux2014_i686.whl", hash = "sha256:4a901b6a6dd9d17d5b3b2e7bafc3057294e88da3f5de507347316687d7f191a1", size = 10607218, upload-time = "2026-02-26T12:13:17.576Z" },
    { url = "https://files.pythonhosted.org/packages/fb/ab/358c78b77844f58ff5aca368550ab16c719f1ab0ec892ceb1114d7500f4e/ty-0.0.19-py3-none-manylinux_2_17_ppc64le.manylinux2014_ppc64le.whl", hash = "sha256:8deafdaaaee65fd121c66064da74a922d8501be4a2d50049c71eab521a23eff7", size = 11160593, upload-time = "2026-02-26T12:13:36.008Z" },
    { url = "https://files.pythonhosted.org/packages/95/59/827fc346d66a59fe48e9689a5ceb67dbbd5b4de2e8d4625371af39a2e8b7/ty-0.0.19-py3-none-manylinux_2_17_s390x.manylinux2014_s390x.whl", hash = "sha256:035e56071af280897441018f74f921b97d53aec0856f8af85f4f949df8eda07d", size = 10822392, upload-time = "2026-02-26T12:13:29.415Z" },
    { url = "https://files.pythonhosted.org/packages/81/f9/3bbfbbe35478de9bcd63848f4bc9bffda72278dd9732dbad3efc3978432e/ty-0.0.19-py3-none-manylinux_2_17_x86_64.manylinux2014_x86_64.whl", hash = "sha256:abdf5885130393ce74501dba792f48ce0a515756ec81c33a4b324bdf3509df6e", size = 10707139, upload-time = "2026-02-26T12:13:20.148Z" },
    { url = "https://files.pythonhosted.org/packages/12/9e/597023b183ec4ade83a36a0cea5c103f3bffa34f70813d46386c61447fb8/ty-0.0.19-py3-none-musllinux_1_2_aarch64.whl", hash = "sha256:877e89005c8f9d1dbff5ad14cbac9f35c528406fde38926f9b44f24830de8d6a", size = 10096933, upload-time = "2026-02-26T12:13:45.266Z" },
    { url = "https://files.pythonhosted.org/packages/1e/76/d0d2f6e674db2a17c8efa5e26682b9dfa8d34774705f35902a7b45ebd3bd/ty-0.0.19-py3-none-musllinux_1_2_armv7l.whl", hash = "sha256:39bd1da051c1e4d316efaf79dbed313255633f7c6ad6e24d29f4d9c6ffaf4de6", size = 10109547, upload-time = "2026-02-26T12:13:22.17Z" },
    { url = "https://files.pythonhosted.org/packages/a4/b0/76026c06b852a3aa4fdb5bd329fdc2175aaf3c64a3fafece9cc4df167cee/ty-0.0.19-py3-none-musllinux_1_2_i686.whl", hash = "sha256:87df8415a6c9cb27b8f1382fcdc6052e59f5b9f50f78bc14663197eb5c8d3699", size = 10289110, upload-time = "2026-02-26T12:13:38.29Z" },
    { url = "https://files.pythonhosted.org/packages/14/6c/f3b3a189816b4f079b20fe5d0d7ee38e38a472f53cc6770bb6571147e3de/ty-0.0.19-py3-none-musllinux_1_2_x86_64.whl", hash = "sha256:89b6bb23c332ed5c38dd859eb5793f887abcc936f681a40d4ea68e35eac1af33", size = 10796479, upload-time = "2026-02-26T12:13:10.992Z" },
    { url = "https://files.pythonhosted.org/packages/3d/18/caee33d1ce9dd50bd94c26cde7cda4f6971e22e474e7d72a5c86d745ad58/ty-0.0.19-py3-none-win32.whl", hash = "sha256:19b33df3aa7af7b1a9eaa4e1175c3b4dec0f5f2e140243e3492c8355c37418f3", size = 9677215, upload-time = "2026-02-26T12:13:08.519Z" },
    { url = "https://files.pythonhosted.org/packages/81/41/18fc0771d0b1da7d7cc2fc9af278d3122b754fe8b521a748734f4e16ecfd/ty-0.0.19-py3-none-win_amd64.whl", hash = "sha256:b9052c61464cdd76bc8e6796f2588c08700f25d0dcbc225bb165e390ea9d96a4", size = 10651252, upload-time = "2026-02-26T12:13:13.035Z" },
    { url = "https://files.pythonhosted.org/packages/8b/8c/26f7ce8863eb54510082747b3dfb1046ba24f16fc11de18c0e5feb36ff18/ty-0.0.19-py3-none-win_arm64.whl", hash = "sha256:9329804b66dcbae8e7af916ef4963221ed53b8ec7d09b0793591c5ae8a0f3270", size = 10093195, upload-time = "2026-02-26T12:13:26.816Z" },
]

[[package]]
name = "types-requests"
version = "2.32.4.20260107"
source = { registry = "https://pypi.org/simple" }
dependencies = [
    { name = "urllib3" },
]
sdist = { url = "https://files.pythonhosted.org/packages/0f/f3/a0663907082280664d745929205a89d41dffb29e89a50f753af7d57d0a96/types_requests-2.32.4.20260107.tar.gz", hash = "sha256:018a11ac158f801bfa84857ddec1650750e393df8a004a8a9ae2a9bec6fcb24f", size = 23165, upload-time = "2026-01-07T03:20:54.091Z" }
wheels = [
    { url = "https://files.pythonhosted.org/packages/1c/12/709ea261f2bf91ef0a26a9eed20f2623227a8ed85610c1e54c5805692ecb/types_requests-2.32.4.20260107-py3-none-any.whl", hash = "sha256:b703fe72f8ce5b31ef031264fe9395cac8f46a04661a79f7ed31a80fb308730d", size = 20676, upload-time = "2026-01-07T03:20:52.929Z" },
]

[[package]]
name = "urllib3"
version = "2.6.3"
source = { registry = "https://pypi.org/simple" }
sdist = { url = "https://files.pythonhosted.org/packages/c7/24/5f1b3bdffd70275f6661c76461e25f024d5a38a46f04aaca912426a2b1d3/urllib3-2.6.3.tar.gz", hash = "sha256:1b62b6884944a57dbe321509ab94fd4d3b307075e0c2eae991ac71ee15ad38ed", size = 435556, upload-time = "2026-01-07T16:24:43.925Z" }
wheels = [
    { url = "https://files.pythonhosted.org/packages/39/08/aaaad47bc4e9dc8c725e68f9d04865dbcb2052843ff09c97b08904852d84/urllib3-2.6.3-py3-none-any.whl", hash = "sha256:bf272323e553dfb2e87d9bfd225ca7b0f467b919d7bbd355436d3fd37cb0acd4", size = 131584, upload-time = "2026-01-07T16:24:42.685Z" },
]
